
Microsoft Visual Studio Solution File, Format Version 12.00
# Visual Studio 15
VisualStudioVersion = 15.0.28307.1401
MinimumVisualStudioVersion = 10.0.40219.1
Project("{F184B08F-C81C-45F6-A57F-5ABD9991F28F}") = "Inventory Managment System", "Inventory Managment System\Inventory Managment System.vbproj", "{AE3E89B4-009F-4727-9047-8CCC3A510531}"
EndProject
Global
	GlobalSection(SolutionConfigurationPlatforms) = preSolution
		Debug|Any CPU = Debug|Any CPU
		Release|Any CPU = Release|Any CPU
	EndGlobalSection
	GlobalSection(ProjectConfigurationPlatforms) = postSolution
		{AE3E89B4-009F-4727-9047-8CCC3A510531}.Debug|Any CPU.ActiveCfg = Debug|Any CPU
		{AE3E89B4-009F-4727-9047-8CCC3A510531}.Debug|Any CPU.Build.0 = Debug|Any CPU
		{AE3E89B4-009F-4727-9047-8CCC3A510531}.Release|Any CPU.ActiveCfg = Release|Any CPU
		{AE3E89B4-009F-4727-9047-8CCC3A510531}.Release|Any CPU.Build.0 = Release|Any CPU
	EndGlobalSection
	GlobalSection(SolutionProperties) = preSolution
		HideSolutionNode = FALSE
	EndGlobalSection
	GlobalSection(ExtensibilityGlobals) = postSolution
		SolutionGuid = {1B6EDDAB-6609-4F88-8C4E-62AF93207F52}
	EndGlobalSection
EndGlobal
